
Microsoft Visual Studio Solution File, Format Version 12.00
# Visual Studio 15
VisualStudioVersion = 15.0.28307.1433
MinimumVisualStudioVersion = 10.0.40219.1
Project("{FAE04EC0-301F-11D3-BF4B-00C04F79EFBC}") = "CultureInfoTest", "CultureInfoTest\CultureInfoTest.csproj", "{C68F400F-9717-4B1D-89EF-2A13F2483829}"
EndProject
Global
	GlobalSection(SolutionConfigurationPlatforms) = preSolution
		Debug|Any CPU = Debug|Any CPU
		Release|Any CPU = Release|Any CPU
	EndGlobalSection
	GlobalSection(ProjectConfigurationPlatforms) = postSolution
		{C68F400F-9717-4B1D-89EF-2A13F2483829}.Debug|Any CPU.ActiveCfg = Debug|Any CPU
		{C68F400F-9717-4B1D-89EF-2A13F2483829}.Debug|Any CPU.Build.0 = Debug|Any CPU
		{C68F400F-9717-4B1D-89EF-2A13F2483829}.Release|Any CPU.ActiveCfg = Release|Any CPU
		{C68F400F-9717-4B1D-89EF-2A13F2483829}.Release|Any CPU.Build.0 = Release|Any CPU
	EndGlobalSection
	GlobalSection(SolutionProperties) = preSolution
		HideSolutionNode = FALSE
	EndGlobalSection
	GlobalSection(ExtensibilityGlobals) = postSolution
		SolutionGuid = {EAF69852-A760-4BCD-A622-51E9A1CEB66A}
	EndGlobalSection
EndGlobal
